
Microsoft Visual Studio Solution File, Format Version 12.00
# Visual Studio Version 17
VisualStudioVersion = 17.3.32929.385
MinimumVisualStudioVersion = 10.0.40219.1
Project("{FAE04EC0-301F-11D3-BF4B-00C04F79EFBC}") = "RepoPattern", "RepoPattern\RepoPattern.csproj", "{B3A5FF0D-387C-4687-9BB4-9C8D6994171B}"
EndProject
Global
	GlobalSection(SolutionConfigurationPlatforms) = preSolution
		Debug|Any CPU = Debug|Any CPU
		Release|Any CPU = Release|Any CPU
	EndGlobalSection
	GlobalSection(ProjectConfigurationPlatforms) = postSolution
		{B3A5FF0D-387C-4687-9BB4-9C8D6994171B}.Debug|Any CPU.ActiveCfg = Debug|Any CPU
		{B3A5FF0D-387C-4687-9BB4-9C8D6994171B}.Debug|Any CPU.Build.0 = Debug|Any CPU
		{B3A5FF0D-387C-4687-9BB4-9C8D6994171B}.Release|Any CPU.ActiveCfg = Release|Any CPU
		{B3A5FF0D-387C-4687-9BB4-9C8D6994171B}.Release|Any CPU.Build.0 = Release|Any CPU
	EndGlobalSection
	GlobalSection(SolutionProperties) = preSolution
		HideSolutionNode = FALSE
	EndGlobalSection
	GlobalSection(ExtensibilityGlobals) = postSolution
		SolutionGuid = {CF0FF1CF-0E6E-4F15-8210-ED18E3BD2946}
	EndGlobalSection
EndGlobal
